// !$*UTF8*$!
{
	archiveVersion = 1;
	classes = {
	};
	objectVersion = 55;
	objects = {

/* Begin PBXBuildFile section */
		C85119BB28F9910300D5CED8 /* AppDelegate.swift in Sources */ = {isa = PBXBuildFile; fileRef = C85119BA28F9910300D5CED8 /* AppDelegate.swift */; };
		C85119BD28F9910300D5CED8 /* SceneDelegate.swift in Sources */ = {isa = PBXBuildFile; fileRef = C85119BC28F9910300D5CED8 /* SceneDelegate.swift */; };
		C85119BF28F9910300D5CED8 /* ViewController.swift in Sources */ = {isa = PBXBuildFile; fileRef = C85119BE28F9910300D5CED8 /* ViewController.swift */; };
		C85119C228F9910300D5CED8 /* Main.storyboard in Resources */ = {isa = PBXBuildFile; fileRef = C85119C028F9910300D5CED8 /* Main.storyboard */; };
		C85119C528F9910300D5CED8 /* RobustaTask.xcdatamodeld in Sources */ = {isa = PBXBuildFile; fileRef = C85119C328F9910300D5CED8 /* RobustaTask.xcdatamodeld */; };
		C85119C728F9910500D5CED8 /* Assets.xcassets in Resources */ = {isa = PBXBuildFile; fileRef = C85119C628F9910500D5CED8 /* Assets.xcassets */; };
		C85119CA28F9910500D5CED8 /* LaunchScreen.storyboard in Resources */ = {isa = PBXBuildFile; fileRef = C85119C828F9910500D5CED8 /* LaunchScreen.storyboard */; };
		C85119D328F991C000D5CED8 /* ApplicationController.swift in Sources */ = {isa = PBXBuildFile; fileRef = C85119D228F991C000D5CED8 /* ApplicationController.swift */; };
		C85119DD28F9943800D5CED8 /* RepositoryableViewCell.swift in Sources */ = {isa = PBXBuildFile; fileRef = C85119DB28F9943800D5CED8 /* RepositoryableViewCell.swift */; };
		C85119DE28F9943800D5CED8 /* RepositoryableViewCell.xib in Resources */ = {isa = PBXBuildFile; fileRef = C85119DC28F9943800D5CED8 /* RepositoryableViewCell.xib */; };
		C85119E128F996BF00D5CED8 /* RepositoriesViewController.swift in Sources */ = {isa = PBXBuildFile; fileRef = C85119DF28F996BF00D5CED8 /* RepositoriesViewController.swift */; };
		C85119E228F996BF00D5CED8 /* RepositoriesViewController.xib in Resources */ = {isa = PBXBuildFile; fileRef = C85119E028F996BF00D5CED8 /* RepositoriesViewController.xib */; };
		C85119E628F9991000D5CED8 /* ApiConfig.swift in Sources */ = {isa = PBXBuildFile; fileRef = C85119E528F9991000D5CED8 /* ApiConfig.swift */; };
		C85119EB28F999E200D5CED8 /* Repository.swift in Sources */ = {isa = PBXBuildFile; fileRef = C85119EA28F999E200D5CED8 /* Repository.swift */; };
		C85119ED28F99B8200D5CED8 /* Variable.swift in Sources */ = {isa = PBXBuildFile; fileRef = C85119EC28F99B8200D5CED8 /* Variable.swift */; };
		C85119EF28F99BAA00D5CED8 /* RepositoriesViewModel.swift in Sources */ = {isa = PBXBuildFile; fileRef = C85119EE28F99BAA00D5CED8 /* RepositoriesViewModel.swift */; };
		C8858B6B28FAFAB900648A59 /* RepositoriesService.swift in Sources */ = {isa = PBXBuildFile; fileRef = C8858B6A28FAFAB900648A59 /* RepositoriesService.swift */; };
		C8858B6D28FAFB7A00648A59 /* ViewControllerProvider.swift in Sources */ = {isa = PBXBuildFile; fileRef = C8858B6C28FAFB7A00648A59 /* ViewControllerProvider.swift */; };
		C8858B7228FAFD4900648A59 /* RepositoryProfileViewController.swift in Sources */ = {isa = PBXBuildFile; fileRef = C8858B7028FAFD4900648A59 /* RepositoryProfileViewController.swift */; };
		C8858B7328FAFD4900648A59 /* RepositoryProfileViewController.xib in Resources */ = {isa = PBXBuildFile; fileRef = C8858B7128FAFD4900648A59 /* RepositoryProfileViewController.xib */; };
		C8858B7528FC020E00648A59 /* RepositoryProfileViewModel.swift in Sources */ = {isa = PBXBuildFile; fileRef = C8858B7428FC020E00648A59 /* RepositoryProfileViewModel.swift */; };
		C8858B7728FC02B100648A59 /* RepositoryProfileService.swift in Sources */ = {isa = PBXBuildFile; fileRef = C8858B7628FC02B100648A59 /* RepositoryProfileService.swift */; };
		C88CE00728FA1D7500273855 /* UIViewController.swift in Sources */ = {isa = PBXBuildFile; fileRef = C88CE00628FA1D7500273855 /* UIViewController.swift */; };
		C88CE00928FA1D8F00273855 /* UIImageView.swift in Sources */ = {isa = PBXBuildFile; fileRef = C88CE00828FA1D8F00273855 /* UIImageView.swift */; };
/* End PBXBuildFile section */

/* Begin PBXFileReference section */
		C85119B728F9910300D5CED8 /* RobustaTask.app */ = {isa = PBXFileReference; explicitFileType = wrapper.application; includeInIndex = 0; path = RobustaTask.app; sourceTree = BUILT_PRODUCTS_DIR; };
		C85119BA28F9910300D5CED8 /* AppDelegate.swift */ = {isa = PBXFileReference; lastKnownFileType = sourcecode.swift; path = AppDelegate.swift; sourceTree = "<group>"; };
		C85119BC28F9910300D5CED8 /* SceneDelegate.swift */ = {isa = PBXFileReference; lastKnownFileType = sourcecode.swift; path = SceneDelegate.swift; sourceTree = "<group>"; };
		C85119BE28F9910300D5CED8 /* ViewController.swift */ = {isa = PBXFileReference; lastKnownFileType = sourcecode.swift; path = ViewController.swift; sourceTree = "<group>"; };
		C85119C128F9910300D5CED8 /* Base */ = {isa = PBXFileReference; lastKnownFileType = file.storyboard; name = Base; path = Base.lproj/Main.storyboard; sourceTree = "<group>"; };
		C85119C428F9910300D5CED8 /* RobustaTask.xcdatamodel */ = {isa = PBXFileReference; lastKnownFileType = wrapper.xcdatamodel; path = RobustaTask.xcdatamodel; sourceTree = "<group>"; };
		C85119C628F9910500D5CED8 /* Assets.xcassets */ = {isa = PBXFileReference; lastKnownFileType = folder.assetcatalog; path = Assets.xcassets; sourceTree = "<group>"; };
		C85119C928F9910500D5CED8 /* Base */ = {isa = PBXFileReference; lastKnownFileType = file.storyboard; name = Base; path = Base.lproj/LaunchScreen.storyboard; sourceTree = "<group>"; };
		C85119CB28F9910500D5CED8 /* Info.plist */ = {isa = PBXFileReference; lastKnownFileType = text.plist.xml; path = Info.plist; sourceTree = "<group>"; };
		C85119D228F991C000D5CED8 /* ApplicationController.swift */ = {isa = PBXFileReference; lastKnownFileType = sourcecode.swift; path = ApplicationController.swift; sourceTree = "<group>"; };
		C85119DB28F9943800D5CED8 /* RepositoryableViewCell.swift */ = {isa = PBXFileReference; lastKnownFileType = sourcecode.swift; path = RepositoryableViewCell.swift; sourceTree = "<group>"; };
		C85119DC28F9943800D5CED8 /* RepositoryableViewCell.xib */ = {isa = PBXFileReference; lastKnownFileType = file.xib; path = RepositoryableViewCell.xib; sourceTree = "<group>"; };
		C85119DF28F996BF00D5CED8 /* RepositoriesViewController.swift */ = {isa = PBXFileReference; lastKnownFileType = sourcecode.swift; path = RepositoriesViewController.swift; sourceTree = "<group>"; };
		C85119E028F996BF00D5CED8 /* RepositoriesViewController.xib */ = {isa = PBXFileReference; lastKnownFileType = file.xib; path = RepositoriesViewController.xib; sourceTree = "<group>"; };
		C85119E528F9991000D5CED8 /* ApiConfig.swift */ = {isa = PBXFileReference; lastKnownFileType = sourcecode.swift; path = ApiConfig.swift; sourceTree = "<group>"; };
		C85119EA28F999E200D5CED8 /* Repository.swift */ = {isa = PBXFileReference; lastKnownFileType = sourcecode.swift; path = Repository.swift; sourceTree = "<group>"; };
		C85119EC28F99B8200D5CED8 /* Variable.swift */ = {isa = PBXFileReference; lastKnownFileType = sourcecode.swift; path = Variable.swift; sourceTree = "<group>"; };
		C85119EE28F99BAA00D5CED8 /* RepositoriesViewModel.swift */ = {isa = PBXFileReference; lastKnownFileType = sourcecode.swift; path = RepositoriesViewModel.swift; sourceTree = "<group>"; };
		C8858B6A28FAFAB900648A59 /* RepositoriesService.swift */ = {isa = PBXFileReference; lastKnownFileType = sourcecode.swift; path = RepositoriesService.swift; sourceTree = "<group>"; };
		C8858B6C28FAFB7A00648A59 /* ViewControllerProvider.swift */ = {isa = PBXFileReference; lastKnownFileType = sourcecode.swift; path = ViewControllerProvider.swift; sourceTree = "<group>"; };
		C8858B7028FAFD4900648A59 /* RepositoryProfileViewController.swift */ = {isa = PBXFileReference; lastKnownFileType = sourcecode.swift; path = RepositoryProfileViewController.swift; sourceTree = "<group>"; };
		C8858B7128FAFD4900648A59 /* RepositoryProfileViewController.xib */ = {isa = PBXFileReference; lastKnownFileType = file.xib; path = RepositoryProfileViewController.xib; sourceTree = "<group>"; };
		C8858B7428FC020E00648A59 /* RepositoryProfileViewModel.swift */ = {isa = PBXFileReference; lastKnownFileType = sourcecode.swift; path = RepositoryProfileViewModel.swift; sourceTree = "<group>"; };
		C8858B7628FC02B100648A59 /* RepositoryProfileService.swift */ = {isa = PBXFileReference; lastKnownFileType = sourcecode.swift; path = RepositoryProfileService.swift; sourceTree = "<group>"; };
		C88CE00628FA1D7500273855 /* UIViewController.swift */ = {isa = PBXFileReference; lastKnownFileType = sourcecode.swift; path = UIViewController.swift; sourceTree = "<group>"; };
		C88CE00828FA1D8F00273855 /* UIImageView.swift */ = {isa = PBXFileReference; lastKnownFileType = sourcecode.swift; path = UIImageView.swift; sourceTree = "<group>"; };
/* End PBXFileReference section */

/* Begin PBXFrameworksBuildPhase section */
		C85119B428F9910300D5CED8 /* Frameworks */ = {
			isa = PBXFrameworksBuildPhase;
			buildActionMask = 2147483647;
			files = (
			);
			runOnlyForDeploymentPostprocessing = 0;
		};
/* End PBXFrameworksBuildPhase section */

/* Begin PBXGroup section */
		C85119AE28F9910300D5CED8 = {
			isa = PBXGroup;
			children = (
				C85119B928F9910300D5CED8 /* RobustaTask */,
				C85119B828F9910300D5CED8 /* Products */,
			);
			sourceTree = "<group>";
		};
		C85119B828F9910300D5CED8 /* Products */ = {
			isa = PBXGroup;
			children = (
				C85119B728F9910300D5CED8 /* RobustaTask.app */,
			);
			name = Products;
			sourceTree = "<group>";
		};
		C85119B928F9910300D5CED8 /* RobustaTask */ = {
			isa = PBXGroup;
			children = (
				C88CE00528FA1D6300273855 /* Extentions */,
				C85119E328F998F200D5CED8 /* Network */,
				C85119D928F993E900D5CED8 /* Controllers */,
				C85119D128F9916000D5CED8 /* Common */,
				C85119BE28F9910300D5CED8 /* ViewController.swift */,
				C85119C028F9910300D5CED8 /* Main.storyboard */,
				C85119C828F9910500D5CED8 /* LaunchScreen.storyboard */,
				C85119CB28F9910500D5CED8 /* Info.plist */,
				C85119C328F9910300D5CED8 /* RobustaTask.xcdatamodeld */,
				C85119D228F991C000D5CED8 /* ApplicationController.swift */,
				C85119EC28F99B8200D5CED8 /* Variable.swift */,
				C8858B6C28FAFB7A00648A59 /* ViewControllerProvider.swift */,
			);
			path = RobustaTask;
			sourceTree = "<group>";
		};
		C85119D128F9916000D5CED8 /* Common */ = {
			isa = PBXGroup;
			children = (
				C85119BA28F9910300D5CED8 /* AppDelegate.swift */,
				C85119BC28F9910300D5CED8 /* SceneDelegate.swift */,
				C85119C628F9910500D5CED8 /* Assets.xcassets */,
			);
			path = Common;
			sourceTree = "<group>";
		};
		C85119D828F993D800D5CED8 /* Repositories Page */ = {
			isa = PBXGroup;
			children = (
				C85119DA28F9941200D5CED8 /* Cells */,
				C85119DF28F996BF00D5CED8 /* RepositoriesViewController.swift */,
				C85119E028F996BF00D5CED8 /* RepositoriesViewController.xib */,
				C85119EE28F99BAA00D5CED8 /* RepositoriesViewModel.swift */,
				C8858B6A28FAFAB900648A59 /* RepositoriesService.swift */,
			);
			path = "Repositories Page";
			sourceTree = "<group>";
		};
		C85119D928F993E900D5CED8 /* Controllers */ = {
			isa = PBXGroup;
			children = (
				C8858B6F28FAFD2A00648A59 /* Repository Profile Page */,
				C85119D828F993D800D5CED8 /* Repositories Page */,
			);
			path = Controllers;
			sourceTree = "<group>";
		};
		C85119DA28F9941200D5CED8 /* Cells */ = {
			isa = PBXGroup;
			children = (
				C85119DB28F9943800D5CED8 /* RepositoryableViewCell.swift */,
				C85119DC28F9943800D5CED8 /* RepositoryableViewCell.xib */,
			);
			path = Cells;
			sourceTree = "<group>";
		};
		C85119E328F998F200D5CED8 /* Network */ = {
			isa = PBXGroup;
			children = (
				C85119E928F999BD00D5CED8 /* Models */,
				C85119E428F998FD00D5CED8 /* Mangers */,
			);
			path = Network;
			sourceTree = "<group>";
		};
		C85119E428F998FD00D5CED8 /* Mangers */ = {
			isa = PBXGroup;
			children = (
				C85119E528F9991000D5CED8 /* ApiConfig.swift */,
			);
			path = Mangers;
			sourceTree = "<group>";
		};
		C85119E928F999BD00D5CED8 /* Models */ = {
			isa = PBXGroup;
			children = (
				C85119EA28F999E200D5CED8 /* Repository.swift */,
			);
			path = Models;
			sourceTree = "<group>";
		};
		C8858B6F28FAFD2A00648A59 /* Repository Profile Page */ = {
			isa = PBXGroup;
			children = (
				C8858B7028FAFD4900648A59 /* RepositoryProfileViewController.swift */,
				C8858B7128FAFD4900648A59 /* RepositoryProfileViewController.xib */,
				C8858B7428FC020E00648A59 /* RepositoryProfileViewModel.swift */,
				C8858B7628FC02B100648A59 /* RepositoryProfileService.swift */,
			);
			path = "Repository Profile Page";
			sourceTree = "<group>";
		};
		C88CE00528FA1D6300273855 /* Extentions */ = {
			isa = PBXGroup;
			children = (
				C88CE00628FA1D7500273855 /* UIViewController.swift */,
				C88CE00828FA1D8F00273855 /* UIImageView.swift */,
			);
			path = Extentions;
			sourceTree = "<group>";
		};
/* End PBXGroup section */

/* Begin PBXNativeTarget section */
		C85119B628F9910300D5CED8 /* RobustaTask */ = {
			isa = PBXNativeTarget;
			buildConfigurationList = C85119CE28F9910500D5CED8 /* Build configuration list for PBXNativeTarget "RobustaTask" */;
			buildPhases = (
				C85119B328F9910300D5CED8 /* Sources */,
				C85119B428F9910300D5CED8 /* Frameworks */,
				C85119B528F9910300D5CED8 /* Resources */,
			);
			buildRules = (
			);
			dependencies = (
			);
			name = RobustaTask;
			productName = RobustaTask;
			productReference = C85119B728F9910300D5CED8 /* RobustaTask.app */;
			productType = "com.apple.product-type.application";
		};
/* End PBXNativeTarget section */

/* Begin PBXProject section */
		C85119AF28F9910300D5CED8 /* Project object */ = {
			isa = PBXProject;
			attributes = {
				BuildIndependentTargetsInParallel = 1;
				LastSwiftUpdateCheck = 1320;
				LastUpgradeCheck = 1320;
				TargetAttributes = {
					C85119B628F9910300D5CED8 = {
						CreatedOnToolsVersion = 13.2.1;
					};
				};
			};
			buildConfigurationList = C85119B228F9910300D5CED8 /* Build configuration list for PBXProject "RobustaTask" */;
			compatibilityVersion = "Xcode 13.0";
			developmentRegion = en;
			hasScannedForEncodings = 0;
			knownRegions = (
				en,
				Base,
			);
			mainGroup = C85119AE28F9910300D5CED8;
			productRefGroup = C85119B828F9910300D5CED8 /* Products */;
			projectDirPath = "";
			projectRoot = "";
			targets = (
				C85119B628F9910300D5CED8 /* RobustaTask */,
			);
		};
/* End PBXProject section */

/* Begin PBXResourcesBuildPhase section */
		C85119B528F9910300D5CED8 /* Resources */ = {
			isa = PBXResourcesBuildPhase;
			buildActionMask = 2147483647;
			files = (
				C8858B7328FAFD4900648A59 /* RepositoryProfileViewController.xib in Resources */,
				C85119CA28F9910500D5CED8 /* LaunchScreen.storyboard in Resources */,
				C85119DE28F9943800D5CED8 /* RepositoryableViewCell.xib in Resources */,
				C85119E228F996BF00D5CED8 /* RepositoriesViewController.xib in Resources */,
				C85119C728F9910500D5CED8 /* Assets.xcassets in Resources */,
				C85119C228F9910300D5CED8 /* Main.storyboard in Resources */,
			);
			runOnlyForDeploymentPostprocessing = 0;
		};
/* End PBXResourcesBuildPhase section */

/* Begin PBXSourcesBuildPhase section */
		C85119B328F9910300D5CED8 /* Sources */ = {
			isa = PBXSourcesBuildPhase;
			buildActionMask = 2147483647;
			files = (
				C85119BF28F9910300D5CED8 /* ViewController.swift in Sources */,
				C8858B7528FC020E00648A59 /* RepositoryProfileViewModel.swift in Sources */,
				C8858B6D28FAFB7A00648A59 /* ViewControllerProvider.swift in Sources */,
				C8858B7228FAFD4900648A59 /* RepositoryProfileViewController.swift in Sources */,
				C85119BB28F9910300D5CED8 /* AppDelegate.swift in Sources */,
				C88CE00928FA1D8F00273855 /* UIImageView.swift in Sources */,
				C85119E628F9991000D5CED8 /* ApiConfig.swift in Sources */,
				C8858B7728FC02B100648A59 /* RepositoryProfileService.swift in Sources */,
				C85119BD28F9910300D5CED8 /* SceneDelegate.swift in Sources */,
				C85119ED28F99B8200D5CED8 /* Variable.swift in Sources */,
				C8858B6B28FAFAB900648A59 /* RepositoriesService.swift in Sources */,
				C85119E128F996BF00D5CED8 /* RepositoriesViewController.swift in Sources */,
				C88CE00728FA1D7500273855 /* UIViewController.swift in Sources */,
				C85119C528F9910300D5CED8 /* RobustaTask.xcdatamodeld in Sources */,
				C85119EB28F999E200D5CED8 /* Repository.swift in Sources */,
				C85119DD28F9943800D5CED8 /* RepositoryableViewCell.swift in Sources */,
				C85119EF28F99BAA00D5CED8 /* RepositoriesViewModel.swift in Sources */,
				C85119D328F991C000D5CED8 /* ApplicationController.swift in Sources */,
			);
			runOnlyForDeploymentPostprocessing = 0;
		};
/* End PBXSourcesBuildPhase section */

/* Begin PBXVariantGroup section */
		C85119C028F9910300D5CED8 /* Main.storyboard */ = {
			isa = PBXVariantGroup;
			children = (
				C85119C128F9910300D5CED8 /* Base */,
			);
			name = Main.storyboard;
			sourceTree = "<group>";
		};
		C85119C828F9910500D5CED8 /* LaunchScreen.storyboard */ = {
			isa = PBXVariantGroup;
			children = (
				C85119C928F9910500D5CED8 /* Base */,
			);
			name = LaunchScreen.storyboard;
			sourceTree = "<group>";
		};
/* End PBXVariantGroup section */

/* Begin XCBuildConfiguration section */
		C85119CC28F9910500D5CED8 /* Debug */ = {
			isa = XCBuildConfiguration;
			buildSettings = {
				ALWAYS_SEARCH_USER_PATHS = NO;
				CLANG_ANALYZER_NONNULL = YES;
				CLANG_ANALYZER_NUMBER_OBJECT_CONVERSION = YES_AGGRESSIVE;
				CLANG_CXX_LANGUAGE_STANDARD = "gnu++17";
				CLANG_CXX_LIBRARY = "libc++";
				CLANG_ENABLE_MODULES = YES;
				CLANG_ENABLE_OBJC_ARC = YES;
				CLANG_ENABLE_OBJC_WEAK = YES;
				CLANG_WARN_BLOCK_CAPTURE_AUTORELEASING = YES;
				CLANG_WARN_BOOL_CONVERSION = YES;
				CLANG_WARN_COMMA = YES;
				CLANG_WARN_CONSTANT_CONVERSION = YES;
				CLANG_WARN_DEPRECATED_OBJC_IMPLEMENTATIONS = YES;
				CLANG_WARN_DIRECT_OBJC_ISA_USAGE = YES_ERROR;
				CLANG_WARN_DOCUMENTATION_COMMENTS = YES;
				CLANG_WARN_EMPTY_BODY = YES;
				CLANG_WARN_ENUM_CONVERSION = YES;
				CLANG_WARN_INFINITE_RECURSION = YES;
				CLANG_WARN_INT_CONVERSION = YES;
				CLANG_WARN_NON_LITERAL_NULL_CONVERSION = YES;
				CLANG_WARN_OBJC_IMPLICIT_RETAIN_SELF = YES;
				CLANG_WARN_OBJC_LITERAL_CONVERSION = YES;
				CLANG_WARN_OBJC_ROOT_CLASS = YES_ERROR;
				CLANG_WARN_QUOTED_INCLUDE_IN_FRAMEWORK_HEADER = YES;
				CLANG_WARN_RANGE_LOOP_ANALYSIS = YES;
				CLANG_WARN_STRICT_PROTOTYPES = YES;
				CLANG_WARN_SUSPICIOUS_MOVE = YES;
				CLANG_WARN_UNGUARDED_AVAILABILITY = YES_AGGRESSIVE;
				CLANG_WARN_UNREACHABLE_CODE = YES;
				CLANG_WARN__DUPLICATE_METHOD_MATCH = YES;
				COPY_PHASE_STRIP = NO;
				DEBUG_INFORMATION_FORMAT = dwarf;
				ENABLE_STRICT_OBJC_MSGSEND = YES;
				ENABLE_TESTABILITY = YES;
				GCC_C_LANGUAGE_STANDARD = gnu11;
				GCC_DYNAMIC_NO_PIC = NO;
				GCC_NO_COMMON_BLOCKS = YES;
				GCC_OPTIMIZATION_LEVEL = 0;
				GCC_PREPROCESSOR_DEFINITIONS = (
					"DEBUG=1",
					"$(inherited)",
				);
				GCC_WARN_64_TO_32_BIT_CONVERSION = YES;
				GCC_WARN_ABOUT_RETURN_TYPE = YES_ERROR;
				GCC_WARN_UNDECLARED_SELECTOR = YES;
				GCC_WARN_UNINITIALIZED_AUTOS = YES_AGGRESSIVE;
				GCC_WARN_UNUSED_FUNCTION = YES;
				GCC_WARN_UNUSED_VARIABLE = YES;
				IPHONEOS_DEPLOYMENT_TARGET = 15.2;
				MTL_ENABLE_DEBUG_INFO = INCLUDE_SOURCE;
				MTL_FAST_MATH = YES;
				ONLY_ACTIVE_ARCH = YES;
				SDKROOT = iphoneos;
				SWIFT_ACTIVE_COMPILATION_CONDITIONS = DEBUG;
				SWIFT_OPTIMIZATION_LEVEL = "-Onone";
			};
			name = Debug;
		};
		C85119CD28F9910500D5CED8 /* Release */ = {
			isa = XCBuildConfiguration;
			buildSettings = {
				ALWAYS_SEARCH_USER_PATHS = NO;
				CLANG_ANALYZER_NONNULL = YES;
				CLANG_ANALYZER_NUMBER_OBJECT_CONVERSION = YES_AGGRESSIVE;
				CLANG_CXX_LANGUAGE_STANDARD = "gnu++17";
				CLANG_CXX_LIBRARY = "libc++";
				CLANG_ENABLE_MODULES = YES;
				CLANG_ENABLE_OBJC_ARC = YES;
				CLANG_ENABLE_OBJC_WEAK = YES;
				CLANG_WARN_BLOCK_CAPTURE_AUTORELEASING = YES;
				CLANG_WARN_BOOL_CONVERSION = YES;
				CLANG_WARN_COMMA = YES;
				CLANG_WARN_CONSTANT_CONVERSION = YES;
				CLANG_WARN_DEPRECATED_OBJC_IMPLEMENTATIONS = YES;
				CLANG_WARN_DIRECT_OBJC_ISA_USAGE = YES_ERROR;
				CLANG_WARN_DOCUMENTATION_COMMENTS = YES;
				CLANG_WARN_EMPTY_BODY = YES;
				CLANG_WARN_ENUM_CONVERSION = YES;
				CLANG_WARN_INFINITE_RECURSION = YES;
				CLANG_WARN_INT_CONVERSION = YES;
				CLANG_WARN_NON_LITERAL_NULL_CONVERSION = YES;
				CLANG_WARN_OBJC_IMPLICIT_RETAIN_SELF = YES;
				CLANG_WARN_OBJC_LITERAL_CONVERSION = YES;
				CLANG_WARN_OBJC_ROOT_CLASS = YES_ERROR;
				CLANG_WARN_QUOTED_INCLUDE_IN_FRAMEWORK_HEADER = YES;
				CLANG_WARN_RANGE_LOOP_ANALYSIS = YES;
				CLANG_WARN_STRICT_PROTOTYPES = YES;
				CLANG_WARN_SUSPICIOUS_MOVE = YES;
				CLANG_WARN_UNGUARDED_AVAILABILITY = YES_AGGRESSIVE;
				CLANG_WARN_UNREACHABLE_CODE = YES;
				CLANG_WARN__DUPLICATE_METHOD_MATCH = YES;
				COPY_PHASE_STRIP = NO;
				DEBUG_INFORMATION_FORMAT = "dwarf-with-dsym";
				ENABLE_NS_ASSERTIONS = NO;
				ENABLE_STRICT_OBJC_MSGSEND = YES;
				GCC_C_LANGUAGE_STANDARD = gnu11;
				GCC_NO_COMMON_BLOCKS = YES;
				GCC_WARN_64_TO_32_BIT_CONVERSION = YES;
				GCC_WARN_ABOUT_RETURN_TYPE = YES_ERROR;
				GCC_WARN_UNDECLARED_SELECTOR = YES;
				GCC_WARN_UNINITIALIZED_AUTOS = YES_AGGRESSIVE;
				GCC_WARN_UNUSED_FUNCTION = YES;
				GCC_WARN_UNUSED_VARIABLE = YES;
				IPHONEOS_DEPLOYMENT_TARGET = 15.2;
				MTL_ENABLE_DEBUG_INFO = NO;
				MTL_FAST_MATH = YES;
				SDKROOT = iphoneos;
				SWIFT_COMPILATION_MODE = wholemodule;
				SWIFT_OPTIMIZATION_LEVEL = "-O";
				VALIDATE_PRODUCT = YES;
			};
			name = Release;
		};
		C85119CF28F9910500D5CED8 /* Debug */ = {
			isa = XCBuildConfiguration;
			buildSettings = {
				ASSETCATALOG_COMPILER_APPICON_NAME = AppIcon;
				ASSETCATALOG_COMPILER_GLOBAL_ACCENT_COLOR_NAME = AccentColor;
				CODE_SIGN_STYLE = Automatic;
				CURRENT_PROJECT_VERSION = 1;
				DEVELOPMENT_TEAM = N5W84W737B;
				GENERATE_INFOPLIST_FILE = YES;
				INFOPLIST_FILE = RobustaTask/Info.plist;
				INFOPLIST_KEY_UIApplicationSupportsIndirectInputEvents = YES;
				INFOPLIST_KEY_UILaunchStoryboardName = LaunchScreen;
				INFOPLIST_KEY_UISupportedInterfaceOrientations_iPad = "UIInterfaceOrientationPortrait UIInterfaceOrientationPortraitUpsideDown UIInterfaceOrientationLandscapeLeft UIInterfaceOrientationLandscapeRight";
				INFOPLIST_KEY_UISupportedInterfaceOrientations_iPhone = "UIInterfaceOrientationPortrait UIInterfaceOrientationLandscapeLeft UIInterfaceOrientationLandscapeRight";
				LD_RUNPATH_SEARCH_PATHS = (
					"$(inherited)",
					"@executable_path/Frameworks",
				);
				MARKETING_VERSION = 1.0;
				PRODUCT_BUNDLE_IDENTIFIER = com.RobustaTask;
				PRODUCT_NAME = "$(TARGET_NAME)";
				SWIFT_EMIT_LOC_STRINGS = YES;
				SWIFT_VERSION = 5.0;
				TARGETED_DEVICE_FAMILY = 1;
			};
			name = Debug;
		};
		C85119D028F9910500D5CED8 /* Release */ = {
			isa = XCBuildConfiguration;
			buildSettings = {
				ASSETCATALOG_COMPILER_APPICON_NAME = AppIcon;
				ASSETCATALOG_COMPILER_GLOBAL_ACCENT_COLOR_NAME = AccentColor;
				CODE_SIGN_STYLE = Automatic;
				CURRENT_PROJECT_VERSION = 1;
				DEVELOPMENT_TEAM = N5W84W737B;
				GENERATE_INFOPLIST_FILE = YES;
				INFOPLIST_FILE = RobustaTask/Info.plist;
				INFOPLIST_KEY_UIApplicationSupportsIndirectInputEvents = YES;
				INFOPLIST_KEY_UILaunchStoryboardName = LaunchScreen;
				INFOPLIST_KEY_UISupportedInterfaceOrientations_iPad = "UIInterfaceOrientationPortrait UIInterfaceOrientationPortraitUpsideDown UIInterfaceOrientationLandscapeLeft UIInterfaceOrientationLandscapeRight";
				INFOPLIST_KEY_UISupportedInterfaceOrientations_iPhone = "UIInterfaceOrientationPortrait UIInterfaceOrientationLandscapeLeft UIInterfaceOrientationLandscapeRight";
				LD_RUNPATH_SEARCH_PATHS = (
					"$(inherited)",
					"@executable_path/Frameworks",
				);
				MARKETING_VERSION = 1.0;
				PRODUCT_BUNDLE_IDENTIFIER = com.RobustaTask;
				PRODUCT_NAME = "$(TARGET_NAME)";
				SWIFT_EMIT_LOC_STRINGS = YES;
				SWIFT_VERSION = 5.0;
				TARGETED_DEVICE_FAMILY = 1;
			};
			name = Release;
		};
/* End XCBuildConfiguration section */

/* Begin XCConfigurationList section */
		C85119B228F9910300D5CED8 /* Build configuration list for PBXProject "RobustaTask" */ = {
			isa = XCConfigurationList;
			buildConfigurations = (
				C85119CC28F9910500D5CED8 /* Debug */,
				C85119CD28F9910500D5CED8 /* Release */,
			);
			defaultConfigurationIsVisible = 0;
			defaultConfigurationName = Release;
		};
		C85119CE28F9910500D5CED8 /* Build configuration list for PBXNativeTarget "RobustaTask" */ = {
			isa = XCConfigurationList;
			buildConfigurations = (
				C85119CF28F9910500D5CED8 /* Debug */,
				C85119D028F9910500D5CED8 /* Release */,
			);
			defaultConfigurationIsVisible = 0;
			defaultConfigurationName = Release;
		};
/* End XCConfigurationList section */

/* Begin XCVersionGroup section */
		C85119C328F9910300D5CED8 /* RobustaTask.xcdatamodeld */ = {
			isa = XCVersionGroup;
			children = (
				C85119C428F9910300D5CED8 /* RobustaTask.xcdatamodel */,
			);
			currentVersion = C85119C428F9910300D5CED8 /* RobustaTask.xcdatamodel */;
			path = RobustaTask.xcdatamodeld;
			sourceTree = "<group>";
			versionGroupType = wrapper.xcdatamodel;
		};
/* End XCVersionGroup section */
	};
	rootObject = C85119AF28F9910300D5CED8 /* Project object */;
}
